// !$*UTF8*$!
{
	archiveVersion = 1;
	classes = {
	};
	objectVersion = 52;
	objects = {

/* Begin PBXBuildFile section */
		3B0D855A253ADC8B00875FA0 /* SwiftUIPager in Frameworks */ = {isa = PBXBuildFile; productRef = 3B0D8559253ADC8B00875FA0 /* SwiftUIPager */; };
		3B1780DA2529C9290002897A /* AddingWordbookView.swift in Sources */ = {isa = PBXBuildFile; fileRef = 3B1780D92529C9290002897A /* AddingWordbookView.swift */; };
		3B1780DC2529F3D20002897A /* AddingWordView.swift in Sources */ = {isa = PBXBuildFile; fileRef = 3B1780DB2529F3D20002897A /* AddingWordView.swift */; };
		3B3EBE982524727400152662 /* WordbookApp.swift in Sources */ = {isa = PBXBuildFile; fileRef = 3B3EBE972524727400152662 /* WordbookApp.swift */; };
		3B3EBE9A2524727400152662 /* ContentView.swift in Sources */ = {isa = PBXBuildFile; fileRef = 3B3EBE992524727400152662 /* ContentView.swift */; };
		3B3EBE9C2524727500152662 /* Assets.xcassets in Resources */ = {isa = PBXBuildFile; fileRef = 3B3EBE9B2524727500152662 /* Assets.xcassets */; };
		3B3EBE9F2524727500152662 /* Preview Assets.xcassets in Resources */ = {isa = PBXBuildFile; fileRef = 3B3EBE9E2524727500152662 /* Preview Assets.xcassets */; };
		3B3EBEC22529C20600152662 /* WordsView.swift in Sources */ = {isa = PBXBuildFile; fileRef = 3B3EBEC12529C20600152662 /* WordsView.swift */; };
		3B3EBEC42529C4F300152662 /* EditingView.swift in Sources */ = {isa = PBXBuildFile; fileRef = 3B3EBEC32529C4F200152662 /* EditingView.swift */; };
		3B41BDA32531A9CE006D3A66 /* CardMode.swift in Sources */ = {isa = PBXBuildFile; fileRef = 3B41BDA22531A9CE006D3A66 /* CardMode.swift */; };
		3BB00596254567F1006F0276 /* DetecterView.swift in Sources */ = {isa = PBXBuildFile; fileRef = 3BB00595254567F1006F0276 /* DetecterView.swift */; };
		3BE99F702559619D005106D9 /* ImportMethodView.swift in Sources */ = {isa = PBXBuildFile; fileRef = 3BE99F6F2559619D005106D9 /* ImportMethodView.swift */; };
/* End PBXBuildFile section */

/* Begin PBXFileReference section */
		3B1780D92529C9290002897A /* AddingWordbookView.swift */ = {isa = PBXFileReference; lastKnownFileType = sourcecode.swift; path = AddingWordbookView.swift; sourceTree = "<group>"; };
		3B1780DB2529F3D20002897A /* AddingWordView.swift */ = {isa = PBXFileReference; lastKnownFileType = sourcecode.swift; path = AddingWordView.swift; sourceTree = "<group>"; };
		3B3EBE942524727400152662 /* Wordbook.app */ = {isa = PBXFileReference; explicitFileType = wrapper.application; includeInIndex = 0; path = Wordbook.app; sourceTree = BUILT_PRODUCTS_DIR; };
		3B3EBE972524727400152662 /* WordbookApp.swift */ = {isa = PBXFileReference; lastKnownFileType = sourcecode.swift; path = WordbookApp.swift; sourceTree = "<group>"; };
		3B3EBE992524727400152662 /* ContentView.swift */ = {isa = PBXFileReference; lastKnownFileType = sourcecode.swift; path = ContentView.swift; sourceTree = "<group>"; };
		3B3EBE9B2524727500152662 /* Assets.xcassets */ = {isa = PBXFileReference; lastKnownFileType = folder.assetcatalog; path = Assets.xcassets; sourceTree = "<group>"; };
		3B3EBE9E2524727500152662 /* Preview Assets.xcassets */ = {isa = PBXFileReference; lastKnownFileType = folder.assetcatalog; path = "Preview Assets.xcassets"; sourceTree = "<group>"; };
		3B3EBEA02524727500152662 /* Info.plist */ = {isa = PBXFileReference; lastKnownFileType = text.plist.xml; path = Info.plist; sourceTree = "<group>"; };
		3B3EBEC12529C20600152662 /* WordsView.swift */ = {isa = PBXFileReference; lastKnownFileType = sourcecode.swift; path = WordsView.swift; sourceTree = "<group>"; };
		3B3EBEC32529C4F200152662 /* EditingView.swift */ = {isa = PBXFileReference; lastKnownFileType = sourcecode.swift; path = EditingView.swift; sourceTree = "<group>"; };
		3B41BDA22531A9CE006D3A66 /* CardMode.swift */ = {isa = PBXFileReference; lastKnownFileType = sourcecode.swift; path = CardMode.swift; sourceTree = "<group>"; };
		3B71AE61252B2509001DD25B /* Wordbooks.geojson */ = {isa = PBXFileReference; lastKnownFileType = text; path = Wordbooks.geojson; sourceTree = "<group>"; };
		3BB00595254567F1006F0276 /* DetecterView.swift */ = {isa = PBXFileReference; lastKnownFileType = sourcecode.swift; path = DetecterView.swift; sourceTree = "<group>"; };
		3BE99F6F2559619D005106D9 /* ImportMethodView.swift */ = {isa = PBXFileReference; lastKnownFileType = sourcecode.swift; path = ImportMethodView.swift; sourceTree = "<group>"; };
/* End PBXFileReference section */

/* Begin PBXFrameworksBuildPhase section */
		3B3EBE912524727400152662 /* Frameworks */ = {
			isa = PBXFrameworksBuildPhase;
			buildActionMask = 2147483647;
			files = (
				3B0D855A253ADC8B00875FA0 /* SwiftUIPager in Frameworks */,
			);
			runOnlyForDeploymentPostprocessing = 0;
		};
/* End PBXFrameworksBuildPhase section */

/* Begin PBXGroup section */
		3B3EBE8B2524727400152662 = {
			isa = PBXGroup;
			children = (
				3B3EBE962524727400152662 /* Wordbook */,
				3B3EBE952524727400152662 /* Products */,
			);
			sourceTree = "<group>";
		};
		3B3EBE952524727400152662 /* Products */ = {
			isa = PBXGroup;
			children = (
				3B3EBE942524727400152662 /* Wordbook.app */,
			);
			name = Products;
			sourceTree = "<group>";
		};
		3B3EBE962524727400152662 /* Wordbook */ = {
			isa = PBXGroup;
			children = (
				3BE99F6E2559616C005106D9 /* TextDetect */,
				3B71AE5B252B2291001DD25B /* Data */,
				3B3EBE972524727400152662 /* WordbookApp.swift */,
				3B3EBE992524727400152662 /* ContentView.swift */,
				3B3EBEC12529C20600152662 /* WordsView.swift */,
				3B41BDA22531A9CE006D3A66 /* CardMode.swift */,
				3B1780D92529C9290002897A /* AddingWordbookView.swift */,
				3B1780DB2529F3D20002897A /* AddingWordView.swift */,
				3B3EBEC32529C4F200152662 /* EditingView.swift */,
				3B3EBE9B2524727500152662 /* Assets.xcassets */,
				3B3EBEA02524727500152662 /* Info.plist */,
				3B3EBE9D2524727500152662 /* Preview Content */,
			);
			path = Wordbook;
			sourceTree = "<group>";
		};
		3B3EBE9D2524727500152662 /* Preview Content */ = {
			isa = PBXGroup;
			children = (
				3B3EBE9E2524727500152662 /* Preview Assets.xcassets */,
			);
			path = "Preview Content";
			sourceTree = "<group>";
		};
		3B71AE5B252B2291001DD25B /* Data */ = {
			isa = PBXGroup;
			children = (
				3B71AE61252B2509001DD25B /* Wordbooks.geojson */,
			);
			path = Data;
			sourceTree = "<group>";
		};
		3BE99F6E2559616C005106D9 /* TextDetect */ = {
			isa = PBXGroup;
			children = (
				3BB00595254567F1006F0276 /* DetecterView.swift */,
				3BE99F6F2559619D005106D9 /* ImportMethodView.swift */,
			);
			path = TextDetect;
			sourceTree = "<group>";
		};
/* End PBXGroup section */

/* Begin PBXNativeTarget section */
		3B3EBE932524727400152662 /* Wordbook */ = {
			isa = PBXNativeTarget;
			buildConfigurationList = 3B3EBEA32524727500152662 /* Build configuration list for PBXNativeTarget "Wordbook" */;
			buildPhases = (
				3B3EBE902524727400152662 /* Sources */,
				3B3EBE912524727400152662 /* Frameworks */,
				3B3EBE922524727400152662 /* Resources */,
			);
			buildRules = (
			);
			dependencies = (
			);
			name = Wordbook;
			packageProductDependencies = (
				3B0D8559253ADC8B00875FA0 /* SwiftUIPager */,
			);
			productName = Wordbook;
			productReference = 3B3EBE942524727400152662 /* Wordbook.app */;
			productType = "com.apple.product-type.application";
		};
/* End PBXNativeTarget section */

/* Begin PBXProject section */
		3B3EBE8C2524727400152662 /* Project object */ = {
			isa = PBXProject;
			attributes = {
				LastSwiftUpdateCheck = 1200;
				LastUpgradeCheck = 1200;
				TargetAttributes = {
					3B3EBE932524727400152662 = {
						CreatedOnToolsVersion = 12.0;
					};
				};
			};
			buildConfigurationList = 3B3EBE8F2524727400152662 /* Build configuration list for PBXProject "Wordbook" */;
			compatibilityVersion = "Xcode 9.3";
			developmentRegion = en;
			hasScannedForEncodings = 0;
			knownRegions = (
				en,
				Base,
			);
			mainGroup = 3B3EBE8B2524727400152662;
			packageReferences = (
				3B0D8558253ADC8B00875FA0 /* XCRemoteSwiftPackageReference "SwiftUIPager" */,
			);
			productRefGroup = 3B3EBE952524727400152662 /* Products */;
			projectDirPath = "";
			projectRoot = "";
			targets = (
				3B3EBE932524727400152662 /* Wordbook */,
			);
		};
/* End PBXProject section */

/* Begin PBXResourcesBuildPhase section */
		3B3EBE922524727400152662 /* Resources */ = {
			isa = PBXResourcesBuildPhase;
			buildActionMask = 2147483647;
			files = (
				3B3EBE9F2524727500152662 /* Preview Assets.xcassets in Resources */,
				3B3EBE9C2524727500152662 /* Assets.xcassets in Resources */,
			);
			runOnlyForDeploymentPostprocessing = 0;
		};
/* End PBXResourcesBuildPhase section */

/* Begin PBXSourcesBuildPhase section */
		3B3EBE902524727400152662 /* Sources */ = {
			isa = PBXSourcesBuildPhase;
			buildActionMask = 2147483647;
			files = (
				3B3EBE9A2524727400152662 /* ContentView.swift in Sources */,
				3B41BDA32531A9CE006D3A66 /* CardMode.swift in Sources */,
				3BE99F702559619D005106D9 /* ImportMethodView.swift in Sources */,
				3BB00596254567F1006F0276 /* DetecterView.swift in Sources */,
				3B3EBE982524727400152662 /* WordbookApp.swift in Sources */,
				3B3EBEC22529C20600152662 /* WordsView.swift in Sources */,
				3B1780DA2529C9290002897A /* AddingWordbookView.swift in Sources */,
				3B3EBEC42529C4F300152662 /* EditingView.swift in Sources */,
				3B1780DC2529F3D20002897A /* AddingWordView.swift in Sources */,
			);
			runOnlyForDeploymentPostprocessing = 0;
		};
/* End PBXSourcesBuildPhase section */

/* Begin XCBuildConfiguration section */
		3B3EBEA12524727500152662 /* Debug */ = {
			isa = XCBuildConfiguration;
			buildSettings = {
				ALWAYS_SEARCH_USER_PATHS = NO;
				CLANG_ANALYZER_NONNULL = YES;
				CLANG_ANALYZER_NUMBER_OBJECT_CONVERSION = YES_AGGRESSIVE;
				CLANG_CXX_LANGUAGE_STANDARD = "gnu++14";
				CLANG_CXX_LIBRARY = "libc++";
				CLANG_ENABLE_MODULES = YES;
				CLANG_ENABLE_OBJC_ARC = YES;
				CLANG_ENABLE_OBJC_WEAK = YES;
				CLANG_WARN_BLOCK_CAPTURE_AUTORELEASING = YES;
				CLANG_WARN_BOOL_CONVERSION = YES;
				CLANG_WARN_COMMA = YES;
				CLANG_WARN_CONSTANT_CONVERSION = YES;
				CLANG_WARN_DEPRECATED_OBJC_IMPLEMENTATIONS = YES;
				CLANG_WARN_DIRECT_OBJC_ISA_USAGE = YES_ERROR;
				CLANG_WARN_DOCUMENTATION_COMMENTS = YES;
				CLANG_WARN_EMPTY_BODY = YES;
				CLANG_WARN_ENUM_CONVERSION = YES;
				CLANG_WARN_INFINITE_RECURSION = YES;
				CLANG_WARN_INT_CONVERSION = YES;
				CLANG_WARN_NON_LITERAL_NULL_CONVERSION = YES;
				CLANG_WARN_OBJC_IMPLICIT_RETAIN_SELF = YES;
				CLANG_WARN_OBJC_LITERAL_CONVERSION = YES;
				CLANG_WARN_OBJC_ROOT_CLASS = YES_ERROR;
				CLANG_WARN_QUOTED_INCLUDE_IN_FRAMEWORK_HEADER = YES;
				CLANG_WARN_RANGE_LOOP_ANALYSIS = YES;
				CLANG_WARN_STRICT_PROTOTYPES = YES;
				CLANG_WARN_SUSPICIOUS_MOVE = YES;
				CLANG_WARN_UNGUARDED_AVAILABILITY = YES_AGGRESSIVE;
				CLANG_WARN_UNREACHABLE_CODE = YES;
				CLANG_WARN__DUPLICATE_METHOD_MATCH = YES;
				COPY_PHASE_STRIP = NO;
				DEBUG_INFORMATION_FORMAT = dwarf;
				ENABLE_STRICT_OBJC_MSGSEND = YES;
				ENABLE_TESTABILITY = YES;
				GCC_C_LANGUAGE_STANDARD = gnu11;
				GCC_DYNAMIC_NO_PIC = NO;
				GCC_NO_COMMON_BLOCKS = YES;
				GCC_OPTIMIZATION_LEVEL = 0;
				GCC_PREPROCESSOR_DEFINITIONS = (
					"DEBUG=1",
					"$(inherited)",
				);
				GCC_WARN_64_TO_32_BIT_CONVERSION = YES;
				GCC_WARN_ABOUT_RETURN_TYPE = YES_ERROR;
				GCC_WARN_UNDECLARED_SELECTOR = YES;
				GCC_WARN_UNINITIALIZED_AUTOS = YES_AGGRESSIVE;
				GCC_WARN_UNUSED_FUNCTION = YES;
				GCC_WARN_UNUSED_VARIABLE = YES;
				IPHONEOS_DEPLOYMENT_TARGET = 14.0;
				MTL_ENABLE_DEBUG_INFO = INCLUDE_SOURCE;
				MTL_FAST_MATH = YES;
				ONLY_ACTIVE_ARCH = YES;
				SDKROOT = iphoneos;
				SWIFT_ACTIVE_COMPILATION_CONDITIONS = DEBUG;
				SWIFT_OPTIMIZATION_LEVEL = "-Onone";
			};
			name = Debug;
		};
		3B3EBEA22524727500152662 /* Release */ = {
			isa = XCBuildConfiguration;
			buildSettings = {
				ALWAYS_SEARCH_USER_PATHS = NO;
				CLANG_ANALYZER_NONNULL = YES;
				CLANG_ANALYZER_NUMBER_OBJECT_CONVERSION = YES_AGGRESSIVE;
				CLANG_CXX_LANGUAGE_STANDARD = "gnu++14";
				CLANG_CXX_LIBRARY = "libc++";
				CLANG_ENABLE_MODULES = YES;
				CLANG_ENABLE_OBJC_ARC = YES;
				CLANG_ENABLE_OBJC_WEAK = YES;
				CLANG_WARN_BLOCK_CAPTURE_AUTORELEASING = YES;
				CLANG_WARN_BOOL_CONVERSION = YES;
				CLANG_WARN_COMMA = YES;
				CLANG_WARN_CONSTANT_CONVERSION = YES;
				CLANG_WARN_DEPRECATED_OBJC_IMPLEMENTATIONS = YES;
				CLANG_WARN_DIRECT_OBJC_ISA_USAGE = YES_ERROR;
				CLANG_WARN_DOCUMENTATION_COMMENTS = YES;
				CLANG_WARN_EMPTY_BODY = YES;
				CLANG_WARN_ENUM_CONVERSION = YES;
				CLANG_WARN_INFINITE_RECURSION = YES;
				CLANG_WARN_INT_CONVERSION = YES;
				CLANG_WARN_NON_LITERAL_NULL_CONVERSION = YES;
				CLANG_WARN_OBJC_IMPLICIT_RETAIN_SELF = YES;
				CLANG_WARN_OBJC_LITERAL_CONVERSION = YES;
				CLANG_WARN_OBJC_ROOT_CLASS = YES_ERROR;
				CLANG_WARN_QUOTED_INCLUDE_IN_FRAMEWORK_HEADER = YES;
				CLANG_WARN_RANGE_LOOP_ANALYSIS = YES;
				CLANG_WARN_STRICT_PROTOTYPES = YES;
				CLANG_WARN_SUSPICIOUS_MOVE = YES;
				CLANG_WARN_UNGUARDED_AVAILABILITY = YES_AGGRESSIVE;
				CLANG_WARN_UNREACHABLE_CODE = YES;
				CLANG_WARN__DUPLICATE_METHOD_MATCH = YES;
				COPY_PHASE_STRIP = NO;
				DEBUG_INFORMATION_FORMAT = "dwarf-with-dsym";
				ENABLE_NS_ASSERTIONS = NO;
				ENABLE_STRICT_OBJC_MSGSEND = YES;
				GCC_C_LANGUAGE_STANDARD = gnu11;
				GCC_NO_COMMON_BLOCKS = YES;
				GCC_WARN_64_TO_32_BIT_CONVERSION = YES;
				GCC_WARN_ABOUT_RETURN_TYPE = YES_ERROR;
				GCC_WARN_UNDECLARED_SELECTOR = YES;
				GCC_WARN_UNINITIALIZED_AUTOS = YES_AGGRESSIVE;
				GCC_WARN_UNUSED_FUNCTION = YES;
				GCC_WARN_UNUSED_VARIABLE = YES;
				IPHONEOS_DEPLOYMENT_TARGET = 14.0;
				MTL_ENABLE_DEBUG_INFO = NO;
				MTL_FAST_MATH = YES;
				SDKROOT = iphoneos;
				SWIFT_COMPILATION_MODE = wholemodule;
				SWIFT_OPTIMIZATION_LEVEL = "-O";
				VALIDATE_PRODUCT = YES;
			};
			name = Release;
		};
		3B3EBEA42524727500152662 /* Debug */ = {
			isa = XCBuildConfiguration;
			buildSettings = {
				ASSETCATALOG_COMPILER_APPICON_NAME = AppIcon;
				ASSETCATALOG_COMPILER_GLOBAL_ACCENT_COLOR_NAME = AccentColor;
				CODE_SIGN_STYLE = Automatic;
				DEVELOPMENT_ASSET_PATHS = "\"Wordbook/Preview Content\"";
				DEVELOPMENT_TEAM = 94WA597YZM;
				ENABLE_PREVIEWS = YES;
				INFOPLIST_FILE = Wordbook/Info.plist;
				IPHONEOS_DEPLOYMENT_TARGET = 14.0;
				LD_RUNPATH_SEARCH_PATHS = (
					"$(inherited)",
					"@executable_path/Frameworks",
				);
				PRODUCT_BUNDLE_IDENTIFIER = Y.T.Wordbook;
				PRODUCT_NAME = "$(TARGET_NAME)";
				SWIFT_VERSION = 5.0;
				TARGETED_DEVICE_FAMILY = "1,2";
			};
			name = Debug;
		};
		3B3EBEA52524727500152662 /* Release */ = {
			isa = XCBuildConfiguration;
			buildSettings = {
				ASSETCATALOG_COMPILER_APPICON_NAME = AppIcon;
				ASSETCATALOG_COMPILER_GLOBAL_ACCENT_COLOR_NAME = AccentColor;
				CODE_SIGN_STYLE = Automatic;
				DEVELOPMENT_ASSET_PATHS = "\"Wordbook/Preview Content\"";
				DEVELOPMENT_TEAM = 94WA597YZM;
				ENABLE_PREVIEWS = YES;
				INFOPLIST_FILE = Wordbook/Info.plist;
				IPHONEOS_DEPLOYMENT_TARGET = 14.0;
				LD_RUNPATH_SEARCH_PATHS = (
					"$(inherited)",
					"@executable_path/Frameworks",
				);
				PRODUCT_BUNDLE_IDENTIFIER = Y.T.Wordbook;
				PRODUCT_NAME = "$(TARGET_NAME)";
				SWIFT_VERSION = 5.0;
				TARGETED_DEVICE_FAMILY = "1,2";
			};
			name = Release;
		};
/* End XCBuildConfiguration section */

/* Begin XCConfigurationList section */
		3B3EBE8F2524727400152662 /* Build configuration list for PBXProject "Wordbook" */ = {
			isa = XCConfigurationList;
			buildConfigurations = (
				3B3EBEA12524727500152662 /* Debug */,
				3B3EBEA22524727500152662 /* Release */,
			);
			defaultConfigurationIsVisible = 0;
			defaultConfigurationName = Release;
		};
		3B3EBEA32524727500152662 /* Build configuration list for PBXNativeTarget "Wordbook" */ = {
			isa = XCConfigurationList;
			buildConfigurations = (
				3B3EBEA42524727500152662 /* Debug */,
				3B3EBEA52524727500152662 /* Release */,
			);
			defaultConfigurationIsVisible = 0;
			defaultConfigurationName = Release;
		};
/* End XCConfigurationList section */

/* Begin XCRemoteSwiftPackageReference section */
		3B0D8558253ADC8B00875FA0 /* XCRemoteSwiftPackageReference "SwiftUIPager" */ = {
			isa = XCRemoteSwiftPackageReference;
			repositoryURL = "https://github.com/fermoya/SwiftUIPager.git";
			requirement = {
				kind = upToNextMajorVersion;
				minimumVersion = 1.11.1;
			};
		};
/* End XCRemoteSwiftPackageReference section */

/* Begin XCSwiftPackageProductDependency section */
		3B0D8559253ADC8B00875FA0 /* SwiftUIPager */ = {
			isa = XCSwiftPackageProductDependency;
			package = 3B0D8558253ADC8B00875FA0 /* XCRemoteSwiftPackageReference "SwiftUIPager" */;
			productName = SwiftUIPager;
		};
/* End XCSwiftPackageProductDependency section */
	};
	rootObject = 3B3EBE8C2524727400152662 /* Project object */;
}
